// !$*UTF8*$!
{
	archiveVersion = 1;
	classes = {
	};
	objectVersion = 48;
	objects = {

/* Begin PBXBuildFile section */
		0A2D62551FAA27F200759551 /* main.m in Sources */ = {isa = PBXBuildFile; fileRef = 0A2D62541FAA27F200759551 /* main.m */; };
		0A2D625D1FAA280A00759551 /* Question.m in Sources */ = {isa = PBXBuildFile; fileRef = 0A2D625C1FAA280A00759551 /* Question.m */; };
		0A2D62631FAA2AB900759551 /* QuestionManager.m in Sources */ = {isa = PBXBuildFile; fileRef = 0A2D62621FAA2AB900759551 /* QuestionManager.m */; };
		0A2D62661FAA2ACC00759551 /* ScoreKeeper.m in Sources */ = {isa = PBXBuildFile; fileRef = 0A2D62651FAA2ACC00759551 /* ScoreKeeper.m */; };
		0A2D62691FAA2AD800759551 /* InputHandler.m in Sources */ = {isa = PBXBuildFile; fileRef = 0A2D62681FAA2AD800759551 /* InputHandler.m */; };
		0A2D626C1FAA2F8700759551 /* SubtractionQuestion.m in Sources */ = {isa = PBXBuildFile; fileRef = 0A2D626B1FAA2F8700759551 /* SubtractionQuestion.m */; };
		0A2D626F1FAA2FC000759551 /* AdditionQuestion.m in Sources */ = {isa = PBXBuildFile; fileRef = 0A2D626E1FAA2FC000759551 /* AdditionQuestion.m */; };
		0A2D62721FAA2FD700759551 /* DivisionQuestion.m in Sources */ = {isa = PBXBuildFile; fileRef = 0A2D62711FAA2FD700759551 /* DivisionQuestion.m */; };
		0A2D62781FAA302C00759551 /* MultiplicationQuestion.m in Sources */ = {isa = PBXBuildFile; fileRef = 0A2D62771FAA302C00759551 /* MultiplicationQuestion.m */; };
		0A2D627B1FAA3DE700759551 /* QuestionFactory.m in Sources */ = {isa = PBXBuildFile; fileRef = 0A2D627A1FAA3DE700759551 /* QuestionFactory.m */; };
/* End PBXBuildFile section */

/* Begin PBXCopyFilesBuildPhase section */
		0A2D624F1FAA27F200759551 /* CopyFiles */ = {
			isa = PBXCopyFilesBuildPhase;
			buildActionMask = 2147483647;
			dstPath = /usr/share/man/man1/;
			dstSubfolderSpec = 0;
			files = (
			);
			runOnlyForDeploymentPostprocessing = 1;
		};
/* End PBXCopyFilesBuildPhase section */

/* Begin PBXFileReference section */
		0A2D62511FAA27F200759551 /* MATHS123 */ = {isa = PBXFileReference; explicitFileType = "compiled.mach-o.executable"; includeInIndex = 0; path = MATHS123; sourceTree = BUILT_PRODUCTS_DIR; };
		0A2D62541FAA27F200759551 /* main.m */ = {isa = PBXFileReference; lastKnownFileType = sourcecode.c.objc; path = main.m; sourceTree = "<group>"; };
		0A2D625B1FAA280A00759551 /* Question.h */ = {isa = PBXFileReference; lastKnownFileType = sourcecode.c.h; path = Question.h; sourceTree = "<group>"; };
		0A2D625C1FAA280A00759551 /* Question.m */ = {isa = PBXFileReference; lastKnownFileType = sourcecode.c.objc; path = Question.m; sourceTree = "<group>"; };
		0A2D62611FAA2AB900759551 /* QuestionManager.h */ = {isa = PBXFileReference; lastKnownFileType = sourcecode.c.h; path = QuestionManager.h; sourceTree = "<group>"; };
		0A2D62621FAA2AB900759551 /* QuestionManager.m */ = {isa = PBXFileReference; lastKnownFileType = sourcecode.c.objc; path = QuestionManager.m; sourceTree = "<group>"; };
		0A2D62641FAA2ACC00759551 /* ScoreKeeper.h */ = {isa = PBXFileReference; lastKnownFileType = sourcecode.c.h; path = ScoreKeeper.h; sourceTree = "<group>"; };
		0A2D62651FAA2ACC00759551 /* ScoreKeeper.m */ = {isa = PBXFileReference; lastKnownFileType = sourcecode.c.objc; path = ScoreKeeper.m; sourceTree = "<group>"; };
		0A2D62671FAA2AD800759551 /* InputHandler.h */ = {isa = PBXFileReference; lastKnownFileType = sourcecode.c.h; path = InputHandler.h; sourceTree = "<group>"; };
		0A2D62681FAA2AD800759551 /* InputHandler.m */ = {isa = PBXFileReference; lastKnownFileType = sourcecode.c.objc; path = InputHandler.m; sourceTree = "<group>"; };
		0A2D626A1FAA2F8700759551 /* SubtractionQuestion.h */ = {isa = PBXFileReference; lastKnownFileType = sourcecode.c.h; path = SubtractionQuestion.h; sourceTree = "<group>"; };
		0A2D626B1FAA2F8700759551 /* SubtractionQuestion.m */ = {isa = PBXFileReference; lastKnownFileType = sourcecode.c.objc; path = SubtractionQuestion.m; sourceTree = "<group>"; };
		0A2D626D1FAA2FC000759551 /* AdditionQuestion.h */ = {isa = PBXFileReference; lastKnownFileType = sourcecode.c.h; path = AdditionQuestion.h; sourceTree = "<group>"; };
		0A2D626E1FAA2FC000759551 /* AdditionQuestion.m */ = {isa = PBXFileReference; lastKnownFileType = sourcecode.c.objc; path = AdditionQuestion.m; sourceTree = "<group>"; };
		0A2D62701FAA2FD700759551 /* DivisionQuestion.h */ = {isa = PBXFileReference; lastKnownFileType = sourcecode.c.h; path = DivisionQuestion.h; sourceTree = "<group>"; };
		0A2D62711FAA2FD700759551 /* DivisionQuestion.m */ = {isa = PBXFileReference; lastKnownFileType = sourcecode.c.objc; path = DivisionQuestion.m; sourceTree = "<group>"; };
		0A2D62761FAA302C00759551 /* MultiplicationQuestion.h */ = {isa = PBXFileReference; lastKnownFileType = sourcecode.c.h; path = MultiplicationQuestion.h; sourceTree = "<group>"; };
		0A2D62771FAA302C00759551 /* MultiplicationQuestion.m */ = {isa = PBXFileReference; lastKnownFileType = sourcecode.c.objc; path = MultiplicationQuestion.m; sourceTree = "<group>"; };
		0A2D62791FAA3DE700759551 /* QuestionFactory.h */ = {isa = PBXFileReference; lastKnownFileType = sourcecode.c.h; path = QuestionFactory.h; sourceTree = "<group>"; };
		0A2D627A1FAA3DE700759551 /* QuestionFactory.m */ = {isa = PBXFileReference; lastKnownFileType = sourcecode.c.objc; path = QuestionFactory.m; sourceTree = "<group>"; };
/* End PBXFileReference section */

/* Begin PBXFrameworksBuildPhase section */
		0A2D624E1FAA27F200759551 /* Frameworks */ = {
			isa = PBXFrameworksBuildPhase;
			buildActionMask = 2147483647;
			files = (
			);
			runOnlyForDeploymentPostprocessing = 0;
		};
/* End PBXFrameworksBuildPhase section */

/* Begin PBXGroup section */
		0A2D62481FAA27F200759551 = {
			isa = PBXGroup;
			children = (
				0A2D62531FAA27F200759551 /* MATHS123 */,
				0A2D62521FAA27F200759551 /* Products */,
			);
			sourceTree = "<group>";
		};
		0A2D62521FAA27F200759551 /* Products */ = {
			isa = PBXGroup;
			children = (
				0A2D62511FAA27F200759551 /* MATHS123 */,
			);
			name = Products;
			sourceTree = "<group>";
		};
		0A2D62531FAA27F200759551 /* MATHS123 */ = {
			isa = PBXGroup;
			children = (
				0A2D62541FAA27F200759551 /* main.m */,
				0A2D62791FAA3DE700759551 /* QuestionFactory.h */,
				0A2D627A1FAA3DE700759551 /* QuestionFactory.m */,
				0A2D625B1FAA280A00759551 /* Question.h */,
				0A2D625C1FAA280A00759551 /* Question.m */,
				0A2D62761FAA302C00759551 /* MultiplicationQuestion.h */,
				0A2D62771FAA302C00759551 /* MultiplicationQuestion.m */,
				0A2D626A1FAA2F8700759551 /* SubtractionQuestion.h */,
				0A2D626B1FAA2F8700759551 /* SubtractionQuestion.m */,
				0A2D626D1FAA2FC000759551 /* AdditionQuestion.h */,
				0A2D626E1FAA2FC000759551 /* AdditionQuestion.m */,
				0A2D62701FAA2FD700759551 /* DivisionQuestion.h */,
				0A2D62711FAA2FD700759551 /* DivisionQuestion.m */,
				0A2D62611FAA2AB900759551 /* QuestionManager.h */,
				0A2D62621FAA2AB900759551 /* QuestionManager.m */,
				0A2D62641FAA2ACC00759551 /* ScoreKeeper.h */,
				0A2D62651FAA2ACC00759551 /* ScoreKeeper.m */,
				0A2D62671FAA2AD800759551 /* InputHandler.h */,
				0A2D62681FAA2AD800759551 /* InputHandler.m */,
			);
			path = MATHS123;
			sourceTree = "<group>";
		};
/* End PBXGroup section */

/* Begin PBXNativeTarget section */
		0A2D62501FAA27F200759551 /* MATHS123 */ = {
			isa = PBXNativeTarget;
			buildConfigurationList = 0A2D62581FAA27F200759551 /* Build configuration list for PBXNativeTarget "MATHS123" */;
			buildPhases = (
				0A2D624D1FAA27F200759551 /* Sources */,
				0A2D624E1FAA27F200759551 /* Frameworks */,
				0A2D624F1FAA27F200759551 /* CopyFiles */,
			);
			buildRules = (
			);
			dependencies = (
			);
			name = MATHS123;
			productName = MATHS123;
			productReference = 0A2D62511FAA27F200759551 /* MATHS123 */;
			productType = "com.apple.product-type.tool";
		};
/* End PBXNativeTarget section */

/* Begin PBXProject section */
		0A2D62491FAA27F200759551 /* Project object */ = {
			isa = PBXProject;
			attributes = {
				LastUpgradeCheck = 0900;
				ORGANIZATIONNAME = "Alex Quigley";
				TargetAttributes = {
					0A2D62501FAA27F200759551 = {
						CreatedOnToolsVersion = 9.0.1;
						ProvisioningStyle = Automatic;
					};
				};
			};
			buildConfigurationList = 0A2D624C1FAA27F200759551 /* Build configuration list for PBXProject "MATHS123" */;
			compatibilityVersion = "Xcode 8.0";
			developmentRegion = en;
			hasScannedForEncodings = 0;
			knownRegions = (
				en,
			);
			mainGroup = 0A2D62481FAA27F200759551;
			productRefGroup = 0A2D62521FAA27F200759551 /* Products */;
			projectDirPath = "";
			projectRoot = "";
			targets = (
				0A2D62501FAA27F200759551 /* MATHS123 */,
			);
		};
/* End PBXProject section */

/* Begin PBXSourcesBuildPhase section */
		0A2D624D1FAA27F200759551 /* Sources */ = {
			isa = PBXSourcesBuildPhase;
			buildActionMask = 2147483647;
			files = (
				0A2D62661FAA2ACC00759551 /* ScoreKeeper.m in Sources */,
				0A2D62551FAA27F200759551 /* main.m in Sources */,
				0A2D62721FAA2FD700759551 /* DivisionQuestion.m in Sources */,
				0A2D62631FAA2AB900759551 /* QuestionManager.m in Sources */,
				0A2D625D1FAA280A00759551 /* Question.m in Sources */,
				0A2D626C1FAA2F8700759551 /* SubtractionQuestion.m in Sources */,
				0A2D62781FAA302C00759551 /* MultiplicationQuestion.m in Sources */,
				0A2D626F1FAA2FC000759551 /* AdditionQuestion.m in Sources */,
				0A2D627B1FAA3DE700759551 /* QuestionFactory.m in Sources */,
				0A2D62691FAA2AD800759551 /* InputHandler.m in Sources */,
			);
			runOnlyForDeploymentPostprocessing = 0;
		};
/* End PBXSourcesBuildPhase section */

/* Begin XCBuildConfiguration section */
		0A2D62561FAA27F200759551 /* Debug */ = {
			isa = XCBuildConfiguration;
			buildSettings = {
				ALWAYS_SEARCH_USER_PATHS = NO;
				CLANG_ANALYZER_NONNULL = YES;
				CLANG_ANALYZER_NUMBER_OBJECT_CONVERSION = YES_AGGRESSIVE;
				CLANG_CXX_LANGUAGE_STANDARD = "gnu++14";
				CLANG_CXX_LIBRARY = "libc++";
				CLANG_ENABLE_MODULES = YES;
				CLANG_ENABLE_OBJC_ARC = YES;
				CLANG_WARN_BLOCK_CAPTURE_AUTORELEASING = YES;
				CLANG_WARN_BOOL_CONVERSION = YES;
				CLANG_WARN_COMMA = YES;
				CLANG_WARN_CONSTANT_CONVERSION = YES;
				CLANG_WARN_DIRECT_OBJC_ISA_USAGE = YES_ERROR;
				CLANG_WARN_DOCUMENTATION_COMMENTS = YES;
				CLANG_WARN_EMPTY_BODY = YES;
				CLANG_WARN_ENUM_CONVERSION = YES;
				CLANG_WARN_INFINITE_RECURSION = YES;
				CLANG_WARN_INT_CONVERSION = YES;
				CLANG_WARN_NON_LITERAL_NULL_CONVERSION = YES;
				CLANG_WARN_OBJC_LITERAL_CONVERSION = YES;
				CLANG_WARN_OBJC_ROOT_CLASS = YES_ERROR;
				CLANG_WARN_RANGE_LOOP_ANALYSIS = YES;
				CLANG_WARN_STRICT_PROTOTYPES = YES;
				CLANG_WARN_SUSPICIOUS_MOVE = YES;
				CLANG_WARN_UNGUARDED_AVAILABILITY = YES_AGGRESSIVE;
				CLANG_WARN_UNREACHABLE_CODE = YES;
				CLANG_WARN__DUPLICATE_METHOD_MATCH = YES;
				CODE_SIGN_IDENTITY = "-";
				COPY_PHASE_STRIP = NO;
				DEBUG_INFORMATION_FORMAT = dwarf;
				ENABLE_STRICT_OBJC_MSGSEND = YES;
				ENABLE_TESTABILITY = YES;
				GCC_C_LANGUAGE_STANDARD = gnu11;
				GCC_DYNAMIC_NO_PIC = NO;
				GCC_NO_COMMON_BLOCKS = YES;
				GCC_OPTIMIZATION_LEVEL = 0;
				GCC_PREPROCESSOR_DEFINITIONS = (
					"DEBUG=1",
					"$(inherited)",
				);
				GCC_WARN_64_TO_32_BIT_CONVERSION = YES;
				GCC_WARN_ABOUT_RETURN_TYPE = YES_ERROR;
				GCC_WARN_UNDECLARED_SELECTOR = YES;
				GCC_WARN_UNINITIALIZED_AUTOS = YES_AGGRESSIVE;
				GCC_WARN_UNUSED_FUNCTION = YES;
				GCC_WARN_UNUSED_VARIABLE = YES;
				MACOSX_DEPLOYMENT_TARGET = 10.12;
				MTL_ENABLE_DEBUG_INFO = YES;
				ONLY_ACTIVE_ARCH = YES;
				SDKROOT = macosx;
			};
			name = Debug;
		};
		0A2D62571FAA27F200759551 /* Release */ = {
			isa = XCBuildConfiguration;
			buildSettings = {
				ALWAYS_SEARCH_USER_PATHS = NO;
				CLANG_ANALYZER_NONNULL = YES;
				CLANG_ANALYZER_NUMBER_OBJECT_CONVERSION = YES_AGGRESSIVE;
				CLANG_CXX_LANGUAGE_STANDARD = "gnu++14";
				CLANG_CXX_LIBRARY = "libc++";
				CLANG_ENABLE_MODULES = YES;
				CLANG_ENABLE_OBJC_ARC = YES;
				CLANG_WARN_BLOCK_CAPTURE_AUTORELEASING = YES;
				CLANG_WARN_BOOL_CONVERSION = YES;
				CLANG_WARN_COMMA = YES;
				CLANG_WARN_CONSTANT_CONVERSION = YES;
				CLANG_WARN_DIRECT_OBJC_ISA_USAGE = YES_ERROR;
				CLANG_WARN_DOCUMENTATION_COMMENTS = YES;
				CLANG_WARN_EMPTY_BODY = YES;
				CLANG_WARN_ENUM_CONVERSION = YES;
				CLANG_WARN_INFINITE_RECURSION = YES;
				CLANG_WARN_INT_CONVERSION = YES;
				CLANG_WARN_NON_LITERAL_NULL_CONVERSION = YES;
				CLANG_WARN_OBJC_LITERAL_CONVERSION = YES;
				CLANG_WARN_OBJC_ROOT_CLASS = YES_ERROR;
				CLANG_WARN_RANGE_LOOP_ANALYSIS = YES;
				CLANG_WARN_STRICT_PROTOTYPES = YES;
				CLANG_WARN_SUSPICIOUS_MOVE = YES;
				CLANG_WARN_UNGUARDED_AVAILABILITY = YES_AGGRESSIVE;
				CLANG_WARN_UNREACHABLE_CODE = YES;
				CLANG_WARN__DUPLICATE_METHOD_MATCH = YES;
				CODE_SIGN_IDENTITY = "-";
				COPY_PHASE_STRIP = NO;
				DEBUG_INFORMATION_FORMAT = "dwarf-with-dsym";
				ENABLE_NS_ASSERTIONS = NO;
				ENABLE_STRICT_OBJC_MSGSEND = YES;
				GCC_C_LANGUAGE_STANDARD = gnu11;
				GCC_NO_COMMON_BLOCKS = YES;
				GCC_WARN_64_TO_32_BIT_CONVERSION = YES;
				GCC_WARN_ABOUT_RETURN_TYPE = YES_ERROR;
				GCC_WARN_UNDECLARED_SELECTOR = YES;
				GCC_WARN_UNINITIALIZED_AUTOS = YES_AGGRESSIVE;
				GCC_WARN_UNUSED_FUNCTION = YES;
				GCC_WARN_UNUSED_VARIABLE = YES;
				MACOSX_DEPLOYMENT_TARGET = 10.12;
				MTL_ENABLE_DEBUG_INFO = NO;
				SDKROOT = macosx;
			};
			name = Release;
		};
		0A2D62591FAA27F200759551 /* Debug */ = {
			isa = XCBuildConfiguration;
			buildSettings = {
				CODE_SIGN_STYLE = Automatic;
				PRODUCT_NAME = "$(TARGET_NAME)";
			};
			name = Debug;
		};
		0A2D625A1FAA27F200759551 /* Release */ = {
			isa = XCBuildConfiguration;
			buildSettings = {
				CODE_SIGN_STYLE = Automatic;
				PRODUCT_NAME = "$(TARGET_NAME)";
			};
			name = Release;
		};
/* End XCBuildConfiguration section */

/* Begin XCConfigurationList section */
		0A2D624C1FAA27F200759551 /* Build configuration list for PBXProject "MATHS123" */ = {
			isa = XCConfigurationList;
			buildConfigurations = (
				0A2D62561FAA27F200759551 /* Debug */,
				0A2D62571FAA27F200759551 /* Release */,
			);
			defaultConfigurationIsVisible = 0;
			defaultConfigurationName = Release;
		};
		0A2D62581FAA27F200759551 /* Build configuration list for PBXNativeTarget "MATHS123" */ = {
			isa = XCConfigurationList;
			buildConfigurations = (
				0A2D62591FAA27F200759551 /* Debug */,
				0A2D625A1FAA27F200759551 /* Release */,
			);
			defaultConfigurationIsVisible = 0;
			defaultConfigurationName = Release;
		};
/* End XCConfigurationList section */
	};
	rootObject = 0A2D62491FAA27F200759551 /* Project object */;
}
